
Microsoft Visual Studio Solution File, Format Version 12.00
# Visual Studio Version 17
VisualStudioVersion = 17.10.34928.147
MinimumVisualStudioVersion = 10.0.40219.1
Project("{2150E333-8FDC-42A3-9474-1A3956D46DE8}") = "1. Enterprise Business Rules", "1. Enterprise Business Rules", "{302396A2-24E8-4AA5-B276-509E480DBAE1}"
EndProject
Project("{2150E333-8FDC-42A3-9474-1A3956D46DE8}") = "2. Application Business Rules", "2. Application Business Rules", "{ADFE2AF0-88A1-4663-9162-060412AD299E}"
EndProject
Project("{2150E333-8FDC-42A3-9474-1A3956D46DE8}") = "3. Interface Adapters", "3. Interface Adapters", "{4DF66A30-B97D-471A-93C2-D8038DA1598E}"
EndProject
Project("{2150E333-8FDC-42A3-9474-1A3956D46DE8}") = "4. Frameworks and Drivers", "4. Frameworks and Drivers", "{F343EEAD-D6C8-45BD-87C4-99D768B69385}"
EndProject
Project("{2150E333-8FDC-42A3-9474-1A3956D46DE8}") = "DataContext", "DataContext", "{171A69FC-A480-4F21-BE62-B41244FDBE17}"
EndProject
Project("{2150E333-8FDC-42A3-9474-1A3956D46DE8}") = "Controllers", "Controllers", "{AD783FAD-B947-4762-B606-D73765BA1BBB}"
EndProject
Project("{2150E333-8FDC-42A3-9474-1A3956D46DE8}") = "Presenters", "Presenters", "{D973DE55-B6D9-4645-907F-374AFA058A19}"
EndProject
Project("{2150E333-8FDC-42A3-9474-1A3956D46DE8}") = "Gateways", "Gateways", "{8CCDA6B0-FC5C-4BE3-82FB-1254CF6D983A}"
EndProject
Project("{2150E333-8FDC-42A3-9474-1A3956D46DE8}") = "UserInterface", "UserInterface", "{09C52C6C-9551-49B4-BB02-BD8D3BE95AE7}"
EndProject
Project("{2150E333-8FDC-42A3-9474-1A3956D46DE8}") = "InversionOfControl", "InversionOfControl", "{D86D15A9-2683-4A6B-95E6-5DF1F88CC35D}"
EndProject
Project("{FAE04EC0-301F-11D3-BF4B-00C04F79EFBC}") = "FincaFenix.Entities", "FincaFenix.Entities\FincaFenix.Entities.csproj", "{A71ED946-630C-92DA-6D0B-A7AAB12D1B63}"
EndProject
Project("{FAE04EC0-301F-11D3-BF4B-00C04F79EFBC}") = "FincaFenix.UsesCases", "FincaFenix.UsesCases\FincaFenix.UsesCases.csproj", "{162FEBEE-414E-B865-0210-77CC3A061D8F}"
EndProject
Project("{FAE04EC0-301F-11D3-BF4B-00C04F79EFBC}") = "FincaFenixControllers", "FincaFenix.Controllers\FincaFenixControllers.csproj", "{66C0C8F3-B7E4-AC7F-87EF-89C4788D5A50}"
EndProject
Project("{FAE04EC0-301F-11D3-BF4B-00C04F79EFBC}") = "FincaFenix.Gateways", "FincaFenix.Gateways\FincaFenix.Gateways.csproj", "{65544876-718C-3D70-78A5-7908FB33426A}"
EndProject
Project("{FAE04EC0-301F-11D3-BF4B-00C04F79EFBC}") = "FincaFenix.Presenters", "FincaFenix.Presenters\FincaFenix.Presenters.csproj", "{CFD1490C-C9B9-4BFC-A688-90503F0BC2F0}"
EndProject
Project("{FAE04EC0-301F-11D3-BF4B-00C04F79EFBC}") = "FincaFenix.EFCore", "FincaFenix.EFCore\FincaFenix.EFCore.csproj", "{D30BEDF2-F60D-CFD8-4EA8-EDEBE5D1C8B4}"
EndProject
Project("{2150E333-8FDC-42A3-9474-1A3956D46DE8}") = "ViewModels", "ViewModels", "{02EA681E-C7D8-13C7-8484-4AC65E1B71E8}"
EndProject
Project("{FAE04EC0-301F-11D3-BF4B-00C04F79EFBC}") = "FincaFenix.ViewModels", "FincaFenix.ViewModels\FincaFenix.ViewModels.csproj", "{615F9793-037F-4146-8E8D-619683AFB478}"
EndProject
Project("{2150E333-8FDC-42A3-9474-1A3956D46DE8}") = "API", "API", "{55108247-F2ED-4AA7-B121-43EC204CE927}"
EndProject
Project("{FAE04EC0-301F-11D3-BF4B-00C04F79EFBC}") = "FincaFenix.WebAPI", "FincaFenix.WebAPI\FincaFenix.WebAPI.csproj", "{19A6443E-9074-4EC6-A594-A5AD3384CBCE}"
EndProject
Project("{FAE04EC0-301F-11D3-BF4B-00C04F79EFBC}") = "FincaFenix.InversionOfControl", "FincaFenix.InversionOfControl\FincaFenix.InversionOfControl.csproj", "{BB95D47A-9597-4ECD-897D-610AD052E094}"
EndProject
Project("{FAE04EC0-301F-11D3-BF4B-00C04F79EFBC}") = "FincaFenix.UserInterface7.0", "C:\Users\Fede\source\repos\FincaFenix.UserInterface7.0\FincaFenix.UserInterface7.0\FincaFenix.UserInterface7.0.csproj", "{66E85771-84D3-FBF5-1A05-5FE0748EEF17}"
EndProject
Global
	GlobalSection(SolutionConfigurationPlatforms) = preSolution
		Debug|Any CPU = Debug|Any CPU
		Release|Any CPU = Release|Any CPU
	EndGlobalSection
	GlobalSection(ProjectConfigurationPlatforms) = postSolution
		{A71ED946-630C-92DA-6D0B-A7AAB12D1B63}.Debug|Any CPU.ActiveCfg = Debug|Any CPU
		{A71ED946-630C-92DA-6D0B-A7AAB12D1B63}.Debug|Any CPU.Build.0 = Debug|Any CPU
		{A71ED946-630C-92DA-6D0B-A7AAB12D1B63}.Release|Any CPU.ActiveCfg = Release|Any CPU
		{A71ED946-630C-92DA-6D0B-A7AAB12D1B63}.Release|Any CPU.Build.0 = Release|Any CPU
		{162FEBEE-414E-B865-0210-77CC3A061D8F}.Debug|Any CPU.ActiveCfg = Debug|Any CPU
		{162FEBEE-414E-B865-0210-77CC3A061D8F}.Debug|Any CPU.Build.0 = Debug|Any CPU
		{162FEBEE-414E-B865-0210-77CC3A061D8F}.Release|Any CPU.ActiveCfg = Release|Any CPU
		{162FEBEE-414E-B865-0210-77CC3A061D8F}.Release|Any CPU.Build.0 = Release|Any CPU
		{66C0C8F3-B7E4-AC7F-87EF-89C4788D5A50}.Debug|Any CPU.ActiveCfg = Debug|Any CPU
		{66C0C8F3-B7E4-AC7F-87EF-89C4788D5A50}.Debug|Any CPU.Build.0 = Debug|Any CPU
		{66C0C8F3-B7E4-AC7F-87EF-89C4788D5A50}.Release|Any CPU.ActiveCfg = Release|Any CPU
		{66C0C8F3-B7E4-AC7F-87EF-89C4788D5A50}.Release|Any CPU.Build.0 = Release|Any CPU
		{65544876-718C-3D70-78A5-7908FB33426A}.Debug|Any CPU.ActiveCfg = Debug|Any CPU
		{65544876-718C-3D70-78A5-7908FB33426A}.Debug|Any CPU.Build.0 = Debug|Any CPU
		{65544876-718C-3D70-78A5-7908FB33426A}.Release|Any CPU.ActiveCfg = Release|Any CPU
		{65544876-718C-3D70-78A5-7908FB33426A}.Release|Any CPU.Build.0 = Release|Any CPU
		{CFD1490C-C9B9-4BFC-A688-90503F0BC2F0}.Debug|Any CPU.ActiveCfg = Debug|Any CPU
		{CFD1490C-C9B9-4BFC-A688-90503F0BC2F0}.Debug|Any CPU.Build.0 = Debug|Any CPU
		{CFD1490C-C9B9-4BFC-A688-90503F0BC2F0}.Release|Any CPU.ActiveCfg = Release|Any CPU
		{CFD1490C-C9B9-4BFC-A688-90503F0BC2F0}.Release|Any CPU.Build.0 = Release|Any CPU
		{D30BEDF2-F60D-CFD8-4EA8-EDEBE5D1C8B4}.Debug|Any CPU.ActiveCfg = Debug|Any CPU
		{D30BEDF2-F60D-CFD8-4EA8-EDEBE5D1C8B4}.Debug|Any CPU.Build.0 = Debug|Any CPU
		{D30BEDF2-F60D-CFD8-4EA8-EDEBE5D1C8B4}.Release|Any CPU.ActiveCfg = Release|Any CPU
		{D30BEDF2-F60D-CFD8-4EA8-EDEBE5D1C8B4}.Release|Any CPU.Build.0 = Release|Any CPU
		{615F9793-037F-4146-8E8D-619683AFB478}.Debug|Any CPU.ActiveCfg = Debug|Any CPU
		{615F9793-037F-4146-8E8D-619683AFB478}.Debug|Any CPU.Build.0 = Debug|Any CPU
		{615F9793-037F-4146-8E8D-619683AFB478}.Release|Any CPU.ActiveCfg = Release|Any CPU
		{615F9793-037F-4146-8E8D-619683AFB478}.Release|Any CPU.Build.0 = Release|Any CPU
		{19A6443E-9074-4EC6-A594-A5AD3384CBCE}.Debug|Any CPU.ActiveCfg = Debug|Any CPU
		{19A6443E-9074-4EC6-A594-A5AD3384CBCE}.Debug|Any CPU.Build.0 = Debug|Any CPU
		{19A6443E-9074-4EC6-A594-A5AD3384CBCE}.Release|Any CPU.ActiveCfg = Release|Any CPU
		{19A6443E-9074-4EC6-A594-A5AD3384CBCE}.Release|Any CPU.Build.0 = Release|Any CPU
		{BB95D47A-9597-4ECD-897D-610AD052E094}.Debug|Any CPU.ActiveCfg = Debug|Any CPU
		{BB95D47A-9597-4ECD-897D-610AD052E094}.Debug|Any CPU.Build.0 = Debug|Any CPU
		{BB95D47A-9597-4ECD-897D-610AD052E094}.Release|Any CPU.ActiveCfg = Release|Any CPU
		{BB95D47A-9597-4ECD-897D-610AD052E094}.Release|Any CPU.Build.0 = Release|Any CPU
		{66E85771-84D3-FBF5-1A05-5FE0748EEF17}.Debug|Any CPU.ActiveCfg = Debug|Any CPU
		{66E85771-84D3-FBF5-1A05-5FE0748EEF17}.Debug|Any CPU.Build.0 = Debug|Any CPU
		{66E85771-84D3-FBF5-1A05-5FE0748EEF17}.Release|Any CPU.ActiveCfg = Release|Any CPU
		{66E85771-84D3-FBF5-1A05-5FE0748EEF17}.Release|Any CPU.Build.0 = Release|Any CPU
	EndGlobalSection
	GlobalSection(SolutionProperties) = preSolution
		HideSolutionNode = FALSE
	EndGlobalSection
	GlobalSection(NestedProjects) = preSolution
		{171A69FC-A480-4F21-BE62-B41244FDBE17} = {F343EEAD-D6C8-45BD-87C4-99D768B69385}
		{AD783FAD-B947-4762-B606-D73765BA1BBB} = {4DF66A30-B97D-471A-93C2-D8038DA1598E}
		{D973DE55-B6D9-4645-907F-374AFA058A19} = {4DF66A30-B97D-471A-93C2-D8038DA1598E}
		{8CCDA6B0-FC5C-4BE3-82FB-1254CF6D983A} = {4DF66A30-B97D-471A-93C2-D8038DA1598E}
		{09C52C6C-9551-49B4-BB02-BD8D3BE95AE7} = {F343EEAD-D6C8-45BD-87C4-99D768B69385}
		{D86D15A9-2683-4A6B-95E6-5DF1F88CC35D} = {F343EEAD-D6C8-45BD-87C4-99D768B69385}
		{A71ED946-630C-92DA-6D0B-A7AAB12D1B63} = {302396A2-24E8-4AA5-B276-509E480DBAE1}
		{162FEBEE-414E-B865-0210-77CC3A061D8F} = {ADFE2AF0-88A1-4663-9162-060412AD299E}
		{66C0C8F3-B7E4-AC7F-87EF-89C4788D5A50} = {AD783FAD-B947-4762-B606-D73765BA1BBB}
		{65544876-718C-3D70-78A5-7908FB33426A} = {8CCDA6B0-FC5C-4BE3-82FB-1254CF6D983A}
		{CFD1490C-C9B9-4BFC-A688-90503F0BC2F0} = {D973DE55-B6D9-4645-907F-374AFA058A19}
		{D30BEDF2-F60D-CFD8-4EA8-EDEBE5D1C8B4} = {171A69FC-A480-4F21-BE62-B41244FDBE17}
		{02EA681E-C7D8-13C7-8484-4AC65E1B71E8} = {4DF66A30-B97D-471A-93C2-D8038DA1598E}
		{615F9793-037F-4146-8E8D-619683AFB478} = {02EA681E-C7D8-13C7-8484-4AC65E1B71E8}
		{55108247-F2ED-4AA7-B121-43EC204CE927} = {F343EEAD-D6C8-45BD-87C4-99D768B69385}
		{19A6443E-9074-4EC6-A594-A5AD3384CBCE} = {55108247-F2ED-4AA7-B121-43EC204CE927}
		{BB95D47A-9597-4ECD-897D-610AD052E094} = {D86D15A9-2683-4A6B-95E6-5DF1F88CC35D}
		{66E85771-84D3-FBF5-1A05-5FE0748EEF17} = {09C52C6C-9551-49B4-BB02-BD8D3BE95AE7}
	EndGlobalSection
	GlobalSection(ExtensibilityGlobals) = postSolution
		SolutionGuid = {B1451CC9-EADF-43E8-A1A7-791087007BD2}
	EndGlobalSection
EndGlobal
