
Microsoft Visual Studio Solution File, Format Version 12.00
# Visual Studio Version 17
VisualStudioVersion = 17.14.36203.30 d17.14
MinimumVisualStudioVersion = 10.0.40219.1
Project("{FAE04EC0-301F-11D3-BF4B-00C04F79EFBC}") = "FincaFenix.UserInterface", "FincaFenix.UserInterface.csproj", "{4307D07C-EDC0-39E8-4158-FEBAED30D829}"
EndProject
Global
	GlobalSection(SolutionConfigurationPlatforms) = preSolution
		Debug|Any CPU = Debug|Any CPU
		Release|Any CPU = Release|Any CPU
	EndGlobalSection
	GlobalSection(ProjectConfigurationPlatforms) = postSolution
		{4307D07C-EDC0-39E8-4158-FEBAED30D829}.Debug|Any CPU.ActiveCfg = Debug|Any CPU
		{4307D07C-EDC0-39E8-4158-FEBAED30D829}.Debug|Any CPU.Build.0 = Debug|Any CPU
		{4307D07C-EDC0-39E8-4158-FEBAED30D829}.Release|Any CPU.ActiveCfg = Release|Any CPU
		{4307D07C-EDC0-39E8-4158-FEBAED30D829}.Release|Any CPU.Build.0 = Release|Any CPU
	EndGlobalSection
	GlobalSection(SolutionProperties) = preSolution
		HideSolutionNode = FALSE
	EndGlobalSection
	GlobalSection(ExtensibilityGlobals) = postSolution
		SolutionGuid = {85D5F22E-E277-4CC4-83B3-C478BAE7F4C9}
	EndGlobalSection
EndGlobal
